github.com/devrsantos/pacotes_go/calculaMedia v0.0.0-20220921192736-6720ca4068b7 h1:/BxN6K3QCW4E/EjLNjVo6TcHwbQifH/jdpR4jCIWFw0=
github.com/devrsantos/pacotes_go/calculaMedia v0.0.0-20220921192736-6720ca4068b7/go.mod h1:Ve5iX5I/DAGE0+i39pIz6kBoeizGKFU5SgAP6u+Nwzs=
github.com/devrsantos/pacotes_go/funcaoAritimeticas v0.0.0-20220921194407-ac72216fb6f6 h1:dFlqklFkhNLQTfc5zbJwbM7C9GFlS3vmN/3VF86tsf4=
github.com/devrsantos/pacotes_go/funcaoAritimeticas v0.0.0-20220921194407-ac72216fb6f6/go.mod h1:whG+nONbVsil4bu9tIuZtgGsAWUa45TjOHEjSo0CVno=
